
Microsoft Visual Studio Solution File, Format Version 12.00
# Visual Studio Version 16
VisualStudioVersion = 16.0.29519.87
MinimumVisualStudioVersion = 10.0.40219.1
Project("{FAE04EC0-301F-11D3-BF4B-00C04F79EFBC}") = "ProgramaPicoPlaca", "ProgramaPicoPlaca\ProgramaPicoPlaca.csproj", "{79BB6327-F617-4C5E-9330-760172DE1029}"
EndProject
Global
	GlobalSection(SolutionConfigurationPlatforms) = preSolution
		Debug|Any CPU = Debug|Any CPU
		Release|Any CPU = Release|Any CPU
	EndGlobalSection
	GlobalSection(ProjectConfigurationPlatforms) = postSolution
		{79BB6327-F617-4C5E-9330-760172DE1029}.Debug|Any CPU.ActiveCfg = Debug|Any CPU
		{79BB6327-F617-4C5E-9330-760172DE1029}.Debug|Any CPU.Build.0 = Debug|Any CPU
		{79BB6327-F617-4C5E-9330-760172DE1029}.Release|Any CPU.ActiveCfg = Release|Any CPU
		{79BB6327-F617-4C5E-9330-760172DE1029}.Release|Any CPU.Build.0 = Release|Any CPU
	EndGlobalSection
	GlobalSection(SolutionProperties) = preSolution
		HideSolutionNode = FALSE
	EndGlobalSection
	GlobalSection(ExtensibilityGlobals) = postSolution
		SolutionGuid = {C01574D1-5695-46CA-83D1-5A94701A3F9F}
	EndGlobalSection
EndGlobal
